
Microsoft Visual Studio Solution File, Format Version 12.00
# Visual Studio Version 17
VisualStudioVersion = 17.0.31903.59
MinimumVisualStudioVersion = 10.0.40219.1
Project("{FAE04EC0-301F-11D3-BF4B-00C04F79EFBC}") = "Plumbum", "Plumbum\Plumbum.csproj", "{04460357-14BD-41FB-BFC9-7EAE7BB5BE50}"
EndProject
Project("{2150E333-8FDC-42A3-9474-1A3956D46DE8}") = "Tests", "Tests", "{A58D4D4D-1B51-4C72-9691-30DB941BD344}"
EndProject
Project("{FAE04EC0-301F-11D3-BF4B-00C04F79EFBC}") = "Plumbum.UnitTests", "Tests\Plumbum.UnitTests\Plumbum.UnitTests.csproj", "{BA2054C0-AF92-4054-9B23-81C249F2A2E9}"
EndProject
Global
	GlobalSection(SolutionConfigurationPlatforms) = preSolution
		Debug|Any CPU = Debug|Any CPU
		Release|Any CPU = Release|Any CPU
	EndGlobalSection
	GlobalSection(SolutionProperties) = preSolution
		HideSolutionNode = FALSE
	EndGlobalSection
	GlobalSection(ProjectConfigurationPlatforms) = postSolution
		{04460357-14BD-41FB-BFC9-7EAE7BB5BE50}.Debug|Any CPU.ActiveCfg = Debug|Any CPU
		{04460357-14BD-41FB-BFC9-7EAE7BB5BE50}.Debug|Any CPU.Build.0 = Debug|Any CPU
		{04460357-14BD-41FB-BFC9-7EAE7BB5BE50}.Release|Any CPU.ActiveCfg = Release|Any CPU
		{04460357-14BD-41FB-BFC9-7EAE7BB5BE50}.Release|Any CPU.Build.0 = Release|Any CPU
		{BA2054C0-AF92-4054-9B23-81C249F2A2E9}.Debug|Any CPU.ActiveCfg = Debug|Any CPU
		{BA2054C0-AF92-4054-9B23-81C249F2A2E9}.Debug|Any CPU.Build.0 = Debug|Any CPU
		{BA2054C0-AF92-4054-9B23-81C249F2A2E9}.Release|Any CPU.ActiveCfg = Release|Any CPU
		{BA2054C0-AF92-4054-9B23-81C249F2A2E9}.Release|Any CPU.Build.0 = Release|Any CPU
	EndGlobalSection
	GlobalSection(NestedProjects) = preSolution
		{BA2054C0-AF92-4054-9B23-81C249F2A2E9} = {A58D4D4D-1B51-4C72-9691-30DB941BD344}
	EndGlobalSection
EndGlobal
